// !$*UTF8*$!
{
	archiveVersion = 1;
	classes = {
	};
	objectVersion = 56;
	objects = {

/* Begin PBXBuildFile section */
		6C0DEDE02BA894F600AA5B5D /* User.swift in Sources */ = {isa = PBXBuildFile; fileRef = 6C0DEDDF2BA894F600AA5B5D /* User.swift */; };
		6C0DEDE32BA8955300AA5B5D /* CardModel.swift in Sources */ = {isa = PBXBuildFile; fileRef = 6C0DEDE22BA8955300AA5B5D /* CardModel.swift */; };
		6C0DEDE62BA8959900AA5B5D /* CardsViewModel.swift in Sources */ = {isa = PBXBuildFile; fileRef = 6C0DEDE52BA8959900AA5B5D /* CardsViewModel.swift */; };
		6C0DEDE92BA8963500AA5B5D /* CardService.swift in Sources */ = {isa = PBXBuildFile; fileRef = 6C0DEDE82BA8963500AA5B5D /* CardService.swift */; };
		6C0DEDEC2BA896C300AA5B5D /* MockData.swift in Sources */ = {isa = PBXBuildFile; fileRef = 6C0DEDEB2BA896C300AA5B5D /* MockData.swift */; };
		6C2DC79D2BA343A1000B6E65 /* SwipeActionIndicatorView.swift in Sources */ = {isa = PBXBuildFile; fileRef = 6C2DC79C2BA343A1000B6E65 /* SwipeActionIndicatorView.swift */; };
		6C2DC79F2BA34868000B6E65 /* SizeConstants.swift in Sources */ = {isa = PBXBuildFile; fileRef = 6C2DC79E2BA34868000B6E65 /* SizeConstants.swift */; };
		6C2DC7A22BA357F1000B6E65 /* ImageScrollingOverlay.swift in Sources */ = {isa = PBXBuildFile; fileRef = 6C2DC7A12BA357F1000B6E65 /* ImageScrollingOverlay.swift */; };
		6C2DC7A42BA3645C000B6E65 /* CardImageIndicatorView.swift in Sources */ = {isa = PBXBuildFile; fileRef = 6C2DC7A32BA3645B000B6E65 /* CardImageIndicatorView.swift */; };
		6C2DC7A62BA3A80E000B6E65 /* CardStackView.swift in Sources */ = {isa = PBXBuildFile; fileRef = 6C2DC7A52BA3A80E000B6E65 /* CardStackView.swift */; };
		6C361BFE2BA0C442002A187B /* TinderCloneApp.swift in Sources */ = {isa = PBXBuildFile; fileRef = 6C361BFD2BA0C442002A187B /* TinderCloneApp.swift */; };
		6C361C002BA0C442002A187B /* ContentView.swift in Sources */ = {isa = PBXBuildFile; fileRef = 6C361BFF2BA0C442002A187B /* ContentView.swift */; };
		6C361C022BA0C446002A187B /* Assets.xcassets in Resources */ = {isa = PBXBuildFile; fileRef = 6C361C012BA0C446002A187B /* Assets.xcassets */; };
		6C361C052BA0C446002A187B /* Preview Assets.xcassets in Resources */ = {isa = PBXBuildFile; fileRef = 6C361C042BA0C446002A187B /* Preview Assets.xcassets */; };
		6C361C162BA0C520002A187B /* MainTabView.swift in Sources */ = {isa = PBXBuildFile; fileRef = 6C361C152BA0C520002A187B /* MainTabView.swift */; };
		6C63F1272BB32AC1005848EF /* SwipeActionButtonsView.swift in Sources */ = {isa = PBXBuildFile; fileRef = 6C63F1262BB32AC1005848EF /* SwipeActionButtonsView.swift */; };
		6C63F1292BB32C1E005848EF /* SwipeAction.swift in Sources */ = {isa = PBXBuildFile; fileRef = 6C63F1282BB32C1E005848EF /* SwipeAction.swift */; };
		6CA6920D2BA20E7A0048DEED /* CardView.swift in Sources */ = {isa = PBXBuildFile; fileRef = 6CA6920C2BA20E7A0048DEED /* CardView.swift */; };
		6CA692102BA2106F0048DEED /* UserInfoView.swift in Sources */ = {isa = PBXBuildFile; fileRef = 6CA6920F2BA2106F0048DEED /* UserInfoView.swift */; };
/* End PBXBuildFile section */

/* Begin PBXFileReference section */
		6C0DEDDF2BA894F600AA5B5D /* User.swift */ = {isa = PBXFileReference; lastKnownFileType = sourcecode.swift; path = User.swift; sourceTree = "<group>"; };
		6C0DEDE22BA8955300AA5B5D /* CardModel.swift */ = {isa = PBXFileReference; lastKnownFileType = sourcecode.swift; path = CardModel.swift; sourceTree = "<group>"; };
		6C0DEDE52BA8959900AA5B5D /* CardsViewModel.swift */ = {isa = PBXFileReference; lastKnownFileType = sourcecode.swift; path = CardsViewModel.swift; sourceTree = "<group>"; };
		6C0DEDE82BA8963500AA5B5D /* CardService.swift */ = {isa = PBXFileReference; lastKnownFileType = sourcecode.swift; path = CardService.swift; sourceTree = "<group>"; };
		6C0DEDEB2BA896C300AA5B5D /* MockData.swift */ = {isa = PBXFileReference; lastKnownFileType = sourcecode.swift; path = MockData.swift; sourceTree = "<group>"; };
		6C2DC79C2BA343A1000B6E65 /* SwipeActionIndicatorView.swift */ = {isa = PBXFileReference; lastKnownFileType = sourcecode.swift; path = SwipeActionIndicatorView.swift; sourceTree = "<group>"; };
		6C2DC79E2BA34868000B6E65 /* SizeConstants.swift */ = {isa = PBXFileReference; lastKnownFileType = sourcecode.swift; path = SizeConstants.swift; sourceTree = "<group>"; };
		6C2DC7A12BA357F1000B6E65 /* ImageScrollingOverlay.swift */ = {isa = PBXFileReference; lastKnownFileType = sourcecode.swift; path = ImageScrollingOverlay.swift; sourceTree = "<group>"; };
		6C2DC7A32BA3645B000B6E65 /* CardImageIndicatorView.swift */ = {isa = PBXFileReference; lastKnownFileType = sourcecode.swift; path = CardImageIndicatorView.swift; sourceTree = "<group>"; };
		6C2DC7A52BA3A80E000B6E65 /* CardStackView.swift */ = {isa = PBXFileReference; lastKnownFileType = sourcecode.swift; path = CardStackView.swift; sourceTree = "<group>"; };
		6C361BFA2BA0C442002A187B /* TinderClone.app */ = {isa = PBXFileReference; explicitFileType = wrapper.application; includeInIndex = 0; path = TinderClone.app; sourceTree = BUILT_PRODUCTS_DIR; };
		6C361BFD2BA0C442002A187B /* TinderCloneApp.swift */ = {isa = PBXFileReference; lastKnownFileType = sourcecode.swift; path = TinderCloneApp.swift; sourceTree = "<group>"; };
		6C361BFF2BA0C442002A187B /* ContentView.swift */ = {isa = PBXFileReference; lastKnownFileType = sourcecode.swift; path = ContentView.swift; sourceTree = "<group>"; };
		6C361C012BA0C446002A187B /* Assets.xcassets */ = {isa = PBXFileReference; lastKnownFileType = folder.assetcatalog; path = Assets.xcassets; sourceTree = "<group>"; };
		6C361C042BA0C446002A187B /* Preview Assets.xcassets */ = {isa = PBXFileReference; lastKnownFileType = folder.assetcatalog; path = "Preview Assets.xcassets"; sourceTree = "<group>"; };
		6C361C152BA0C520002A187B /* MainTabView.swift */ = {isa = PBXFileReference; lastKnownFileType = sourcecode.swift; path = MainTabView.swift; sourceTree = "<group>"; };
		6C63F1262BB32AC1005848EF /* SwipeActionButtonsView.swift */ = {isa = PBXFileReference; lastKnownFileType = sourcecode.swift; path = SwipeActionButtonsView.swift; sourceTree = "<group>"; };
		6C63F1282BB32C1E005848EF /* SwipeAction.swift */ = {isa = PBXFileReference; lastKnownFileType = sourcecode.swift; path = SwipeAction.swift; sourceTree = "<group>"; };
		6CA6920C2BA20E7A0048DEED /* CardView.swift */ = {isa = PBXFileReference; lastKnownFileType = sourcecode.swift; path = CardView.swift; sourceTree = "<group>"; };
		6CA6920F2BA2106F0048DEED /* UserInfoView.swift */ = {isa = PBXFileReference; lastKnownFileType = sourcecode.swift; path = UserInfoView.swift; sourceTree = "<group>"; };
/* End PBXFileReference section */

/* Begin PBXFrameworksBuildPhase section */
		6C361BF72BA0C442002A187B /* Frameworks */ = {
			isa = PBXFrameworksBuildPhase;
			buildActionMask = 2147483647;
			files = (
			);
			runOnlyForDeploymentPostprocessing = 0;
		};
/* End PBXFrameworksBuildPhase section */

/* Begin PBXGroup section */
		6C0DEDDD2BA894E600AA5B5D /* Users */ = {
			isa = PBXGroup;
			children = (
				6C0DEDDE2BA894EC00AA5B5D /* Model */,
			);
			path = Users;
			sourceTree = "<group>";
		};
		6C0DEDDE2BA894EC00AA5B5D /* Model */ = {
			isa = PBXGroup;
			children = (
				6C0DEDDF2BA894F600AA5B5D /* User.swift */,
			);
			path = Model;
			sourceTree = "<group>";
		};
		6C0DEDE12BA8954A00AA5B5D /* Model */ = {
			isa = PBXGroup;
			children = (
				6C0DEDE22BA8955300AA5B5D /* CardModel.swift */,
				6C63F1282BB32C1E005848EF /* SwipeAction.swift */,
			);
			path = Model;
			sourceTree = "<group>";
		};
		6C0DEDE42BA8958E00AA5B5D /* ViewModel */ = {
			isa = PBXGroup;
			children = (
				6C0DEDE52BA8959900AA5B5D /* CardsViewModel.swift */,
			);
			path = ViewModel;
			sourceTree = "<group>";
		};
		6C0DEDE72BA8962C00AA5B5D /* Service */ = {
			isa = PBXGroup;
			children = (
				6C0DEDE82BA8963500AA5B5D /* CardService.swift */,
			);
			path = Service;
			sourceTree = "<group>";
		};
		6C0DEDEA2BA896BB00AA5B5D /* MockData */ = {
			isa = PBXGroup;
			children = (
				6C0DEDEB2BA896C300AA5B5D /* MockData.swift */,
			);
			path = MockData;
			sourceTree = "<group>";
		};
		6C2DC7A02BA3486F000B6E65 /* Constants */ = {
			isa = PBXGroup;
			children = (
				6C2DC79E2BA34868000B6E65 /* SizeConstants.swift */,
			);
			path = Constants;
			sourceTree = "<group>";
		};
		6C361BF12BA0C442002A187B = {
			isa = PBXGroup;
			children = (
				6C361BFC2BA0C442002A187B /* TinderClone */,
				6C361BFB2BA0C442002A187B /* Products */,
			);
			sourceTree = "<group>";
		};
		6C361BFB2BA0C442002A187B /* Products */ = {
			isa = PBXGroup;
			children = (
				6C361BFA2BA0C442002A187B /* TinderClone.app */,
			);
			name = Products;
			sourceTree = "<group>";
		};
		6C361BFC2BA0C442002A187B /* TinderClone */ = {
			isa = PBXGroup;
			children = (
				6C361C0B2BA0C4A6002A187B /* App */,
				6C361C0C2BA0C4AF002A187B /* Core */,
				6C361C0D2BA0C4B9002A187B /* Extensions */,
				6C361C0E2BA0C4C5002A187B /* Shared */,
				6C361C0F2BA0C4CE002A187B /* Utils */,
				6C361BFF2BA0C442002A187B /* ContentView.swift */,
				6C361C012BA0C446002A187B /* Assets.xcassets */,
				6C361C032BA0C446002A187B /* Preview Content */,
			);
			path = TinderClone;
			sourceTree = "<group>";
		};
		6C361C032BA0C446002A187B /* Preview Content */ = {
			isa = PBXGroup;
			children = (
				6C361C042BA0C446002A187B /* Preview Assets.xcassets */,
			);
			path = "Preview Content";
			sourceTree = "<group>";
		};
		6C361C0B2BA0C4A6002A187B /* App */ = {
			isa = PBXGroup;
			children = (
				6C361BFD2BA0C442002A187B /* TinderCloneApp.swift */,
			);
			path = App;
			sourceTree = "<group>";
		};
		6C361C0C2BA0C4AF002A187B /* Core */ = {
			isa = PBXGroup;
			children = (
				6C0DEDE72BA8962C00AA5B5D /* Service */,
				6C361C112BA0C4ED002A187B /* Cards */,
				6C361C142BA0C4FD002A187B /* Messaging */,
				6C361C122BA0C4F3002A187B /* Profile */,
				6C361C132BA0C4F8002A187B /* Searching */,
				6C361C102BA0C4E6002A187B /* TabBar */,
			);
			path = Core;
			sourceTree = "<group>";
		};
		6C361C0D2BA0C4B9002A187B /* Extensions */ = {
			isa = PBXGroup;
			children = (
			);
			path = Extensions;
			sourceTree = "<group>";
		};
		6C361C0E2BA0C4C5002A187B /* Shared */ = {
			isa = PBXGroup;
			children = (
				6C0DEDDD2BA894E600AA5B5D /* Users */,
			);
			path = Shared;
			sourceTree = "<group>";
		};
		6C361C0F2BA0C4CE002A187B /* Utils */ = {
			isa = PBXGroup;
			children = (
				6C0DEDEA2BA896BB00AA5B5D /* MockData */,
				6C2DC7A02BA3486F000B6E65 /* Constants */,
			);
			path = Utils;
			sourceTree = "<group>";
		};
		6C361C102BA0C4E6002A187B /* TabBar */ = {
			isa = PBXGroup;
			children = (
				6C361C152BA0C520002A187B /* MainTabView.swift */,
			);
			path = TabBar;
			sourceTree = "<group>";
		};
		6C361C112BA0C4ED002A187B /* Cards */ = {
			isa = PBXGroup;
			children = (
				6C0DEDE42BA8958E00AA5B5D /* ViewModel */,
				6C0DEDE12BA8954A00AA5B5D /* Model */,
				6CA6920E2BA20E7F0048DEED /* Views */,
			);
			path = Cards;
			sourceTree = "<group>";
		};
		6C361C122BA0C4F3002A187B /* Profile */ = {
			isa = PBXGroup;
			children = (
			);
			path = Profile;
			sourceTree = "<group>";
		};
		6C361C132BA0C4F8002A187B /* Searching */ = {
			isa = PBXGroup;
			children = (
			);
			path = Searching;
			sourceTree = "<group>";
		};
		6C361C142BA0C4FD002A187B /* Messaging */ = {
			isa = PBXGroup;
			children = (
			);
			path = Messaging;
			sourceTree = "<group>";
		};
		6CA6920E2BA20E7F0048DEED /* Views */ = {
			isa = PBXGroup;
			children = (
				6CA6920C2BA20E7A0048DEED /* CardView.swift */,
				6CA6920F2BA2106F0048DEED /* UserInfoView.swift */,
				6C2DC79C2BA343A1000B6E65 /* SwipeActionIndicatorView.swift */,
				6C2DC7A12BA357F1000B6E65 /* ImageScrollingOverlay.swift */,
				6C2DC7A32BA3645B000B6E65 /* CardImageIndicatorView.swift */,
				6C2DC7A52BA3A80E000B6E65 /* CardStackView.swift */,
				6C63F1262BB32AC1005848EF /* SwipeActionButtonsView.swift */,
			);
			path = Views;
			sourceTree = "<group>";
		};
/* End PBXGroup section */

/* Begin PBXNativeTarget section */
		6C361BF92BA0C442002A187B /* TinderClone */ = {
			isa = PBXNativeTarget;
			buildConfigurationList = 6C361C082BA0C446002A187B /* Build configuration list for PBXNativeTarget "TinderClone" */;
			buildPhases = (
				6C361BF62BA0C442002A187B /* Sources */,
				6C361BF72BA0C442002A187B /* Frameworks */,
				6C361BF82BA0C442002A187B /* Resources */,
			);
			buildRules = (
			);
			dependencies = (
			);
			name = TinderClone;
			productName = TinderClone;
			productReference = 6C361BFA2BA0C442002A187B /* TinderClone.app */;
			productType = "com.apple.product-type.application";
		};
/* End PBXNativeTarget section */

/* Begin PBXProject section */
		6C361BF22BA0C442002A187B /* Project object */ = {
			isa = PBXProject;
			attributes = {
				BuildIndependentTargetsInParallel = 1;
				LastSwiftUpdateCheck = 1520;
				LastUpgradeCheck = 1520;
				TargetAttributes = {
					6C361BF92BA0C442002A187B = {
						CreatedOnToolsVersion = 15.2;
					};
				};
			};
			buildConfigurationList = 6C361BF52BA0C442002A187B /* Build configuration list for PBXProject "TinderClone" */;
			compatibilityVersion = "Xcode 14.0";
			developmentRegion = en;
			hasScannedForEncodings = 0;
			knownRegions = (
				en,
				Base,
			);
			mainGroup = 6C361BF12BA0C442002A187B;
			productRefGroup = 6C361BFB2BA0C442002A187B /* Products */;
			projectDirPath = "";
			projectRoot = "";
			targets = (
				6C361BF92BA0C442002A187B /* TinderClone */,
			);
		};
/* End PBXProject section */

/* Begin PBXResourcesBuildPhase section */
		6C361BF82BA0C442002A187B /* Resources */ = {
			isa = PBXResourcesBuildPhase;
			buildActionMask = 2147483647;
			files = (
				6C361C052BA0C446002A187B /* Preview Assets.xcassets in Resources */,
				6C361C022BA0C446002A187B /* Assets.xcassets in Resources */,
			);
			runOnlyForDeploymentPostprocessing = 0;
		};
/* End PBXResourcesBuildPhase section */

/* Begin PBXSourcesBuildPhase section */
		6C361BF62BA0C442002A187B /* Sources */ = {
			isa = PBXSourcesBuildPhase;
			buildActionMask = 2147483647;
			files = (
				6C2DC7A22BA357F1000B6E65 /* ImageScrollingOverlay.swift in Sources */,
				6C0DEDE92BA8963500AA5B5D /* CardService.swift in Sources */,
				6C361C162BA0C520002A187B /* MainTabView.swift in Sources */,
				6C2DC79D2BA343A1000B6E65 /* SwipeActionIndicatorView.swift in Sources */,
				6C0DEDEC2BA896C300AA5B5D /* MockData.swift in Sources */,
				6C63F1292BB32C1E005848EF /* SwipeAction.swift in Sources */,
				6C361C002BA0C442002A187B /* ContentView.swift in Sources */,
				6C2DC7A42BA3645C000B6E65 /* CardImageIndicatorView.swift in Sources */,
				6C63F1272BB32AC1005848EF /* SwipeActionButtonsView.swift in Sources */,
				6C0DEDE32BA8955300AA5B5D /* CardModel.swift in Sources */,
				6C2DC7A62BA3A80E000B6E65 /* CardStackView.swift in Sources */,
				6CA6920D2BA20E7A0048DEED /* CardView.swift in Sources */,
				6C2DC79F2BA34868000B6E65 /* SizeConstants.swift in Sources */,
				6C361BFE2BA0C442002A187B /* TinderCloneApp.swift in Sources */,
				6C0DEDE62BA8959900AA5B5D /* CardsViewModel.swift in Sources */,
				6CA692102BA2106F0048DEED /* UserInfoView.swift in Sources */,
				6C0DEDE02BA894F600AA5B5D /* User.swift in Sources */,
			);
			runOnlyForDeploymentPostprocessing = 0;
		};
/* End PBXSourcesBuildPhase section */

/* Begin XCBuildConfiguration section */
		6C361C062BA0C446002A187B /* Debug */ = {
			isa = XCBuildConfiguration;
			buildSettings = {
				ALWAYS_SEARCH_USER_PATHS = NO;
				ASSETCATALOG_COMPILER_GENERATE_SWIFT_ASSET_SYMBOL_EXTENSIONS = YES;
				CLANG_ANALYZER_NONNULL = YES;
				CLANG_ANALYZER_NUMBER_OBJECT_CONVERSION = YES_AGGRESSIVE;
				CLANG_CXX_LANGUAGE_STANDARD = "gnu++20";
				CLANG_ENABLE_MODULES = YES;
				CLANG_ENABLE_OBJC_ARC = YES;
				CLANG_ENABLE_OBJC_WEAK = YES;
				CLANG_WARN_BLOCK_CAPTURE_AUTORELEASING = YES;
				CLANG_WARN_BOOL_CONVERSION = YES;
				CLANG_WARN_COMMA = YES;
				CLANG_WARN_CONSTANT_CONVERSION = YES;
				CLANG_WARN_DEPRECATED_OBJC_IMPLEMENTATIONS = YES;
				CLANG_WARN_DIRECT_OBJC_ISA_USAGE = YES_ERROR;
				CLANG_WARN_DOCUMENTATION_COMMENTS = YES;
				CLANG_WARN_EMPTY_BODY = YES;
				CLANG_WARN_ENUM_CONVERSION = YES;
				CLANG_WARN_INFINITE_RECURSION = YES;
				CLANG_WARN_INT_CONVERSION = YES;
				CLANG_WARN_NON_LITERAL_NULL_CONVERSION = YES;
				CLANG_WARN_OBJC_IMPLICIT_RETAIN_SELF = YES;
				CLANG_WARN_OBJC_LITERAL_CONVERSION = YES;
				CLANG_WARN_OBJC_ROOT_CLASS = YES_ERROR;
				CLANG_WARN_QUOTED_INCLUDE_IN_FRAMEWORK_HEADER = YES;
				CLANG_WARN_RANGE_LOOP_ANALYSIS = YES;
				CLANG_WARN_STRICT_PROTOTYPES = YES;
				CLANG_WARN_SUSPICIOUS_MOVE = YES;
				CLANG_WARN_UNGUARDED_AVAILABILITY = YES_AGGRESSIVE;
				CLANG_WARN_UNREACHABLE_CODE = YES;
				CLANG_WARN__DUPLICATE_METHOD_MATCH = YES;
				COPY_PHASE_STRIP = NO;
				DEBUG_INFORMATION_FORMAT = dwarf;
				ENABLE_STRICT_OBJC_MSGSEND = YES;
				ENABLE_TESTABILITY = YES;
				ENABLE_USER_SCRIPT_SANDBOXING = YES;
				GCC_C_LANGUAGE_STANDARD = gnu17;
				GCC_DYNAMIC_NO_PIC = NO;
				GCC_NO_COMMON_BLOCKS = YES;
				GCC_OPTIMIZATION_LEVEL = 0;
				GCC_PREPROCESSOR_DEFINITIONS = (
					"DEBUG=1",
					"$(inherited)",
				);
				GCC_WARN_64_TO_32_BIT_CONVERSION = YES;
				GCC_WARN_ABOUT_RETURN_TYPE = YES_ERROR;
				GCC_WARN_UNDECLARED_SELECTOR = YES;
				GCC_WARN_UNINITIALIZED_AUTOS = YES_AGGRESSIVE;
				GCC_WARN_UNUSED_FUNCTION = YES;
				GCC_WARN_UNUSED_VARIABLE = YES;
				IPHONEOS_DEPLOYMENT_TARGET = 17.2;
				LOCALIZATION_PREFERS_STRING_CATALOGS = YES;
				MTL_ENABLE_DEBUG_INFO = INCLUDE_SOURCE;
				MTL_FAST_MATH = YES;
				ONLY_ACTIVE_ARCH = YES;
				SDKROOT = iphoneos;
				SWIFT_ACTIVE_COMPILATION_CONDITIONS = "DEBUG $(inherited)";
				SWIFT_OPTIMIZATION_LEVEL = "-Onone";
			};
			name = Debug;
		};
		6C361C072BA0C446002A187B /* Release */ = {
			isa = XCBuildConfiguration;
			buildSettings = {
				ALWAYS_SEARCH_USER_PATHS = NO;
				ASSETCATALOG_COMPILER_GENERATE_SWIFT_ASSET_SYMBOL_EXTENSIONS = YES;
				CLANG_ANALYZER_NONNULL = YES;
				CLANG_ANALYZER_NUMBER_OBJECT_CONVERSION = YES_AGGRESSIVE;
				CLANG_CXX_LANGUAGE_STANDARD = "gnu++20";
				CLANG_ENABLE_MODULES = YES;
				CLANG_ENABLE_OBJC_ARC = YES;
				CLANG_ENABLE_OBJC_WEAK = YES;
				CLANG_WARN_BLOCK_CAPTURE_AUTORELEASING = YES;
				CLANG_WARN_BOOL_CONVERSION = YES;
				CLANG_WARN_COMMA = YES;
				CLANG_WARN_CONSTANT_CONVERSION = YES;
				CLANG_WARN_DEPRECATED_OBJC_IMPLEMENTATIONS = YES;
				CLANG_WARN_DIRECT_OBJC_ISA_USAGE = YES_ERROR;
				CLANG_WARN_DOCUMENTATION_COMMENTS = YES;
				CLANG_WARN_EMPTY_BODY = YES;
				CLANG_WARN_ENUM_CONVERSION = YES;
				CLANG_WARN_INFINITE_RECURSION = YES;
				CLANG_WARN_INT_CONVERSION = YES;
				CLANG_WARN_NON_LITERAL_NULL_CONVERSION = YES;
				CLANG_WARN_OBJC_IMPLICIT_RETAIN_SELF = YES;
				CLANG_WARN_OBJC_LITERAL_CONVERSION = YES;
				CLANG_WARN_OBJC_ROOT_CLASS = YES_ERROR;
				CLANG_WARN_QUOTED_INCLUDE_IN_FRAMEWORK_HEADER = YES;
				CLANG_WARN_RANGE_LOOP_ANALYSIS = YES;
				CLANG_WARN_STRICT_PROTOTYPES = YES;
				CLANG_WARN_SUSPICIOUS_MOVE = YES;
				CLANG_WARN_UNGUARDED_AVAILABILITY = YES_AGGRESSIVE;
				CLANG_WARN_UNREACHABLE_CODE = YES;
				CLANG_WARN__DUPLICATE_METHOD_MATCH = YES;
				COPY_PHASE_STRIP = NO;
				DEBUG_INFORMATION_FORMAT = "dwarf-with-dsym";
				ENABLE_NS_ASSERTIONS = NO;
				ENABLE_STRICT_OBJC_MSGSEND = YES;
				ENABLE_USER_SCRIPT_SANDBOXING = YES;
				GCC_C_LANGUAGE_STANDARD = gnu17;
				GCC_NO_COMMON_BLOCKS = YES;
				GCC_WARN_64_TO_32_BIT_CONVERSION = YES;
				GCC_WARN_ABOUT_RETURN_TYPE = YES_ERROR;
				GCC_WARN_UNDECLARED_SELECTOR = YES;
				GCC_WARN_UNINITIALIZED_AUTOS = YES_AGGRESSIVE;
				GCC_WARN_UNUSED_FUNCTION = YES;
				GCC_WARN_UNUSED_VARIABLE = YES;
				IPHONEOS_DEPLOYMENT_TARGET = 17.2;
				LOCALIZATION_PREFERS_STRING_CATALOGS = YES;
				MTL_ENABLE_DEBUG_INFO = NO;
				MTL_FAST_MATH = YES;
				SDKROOT = iphoneos;
				SWIFT_COMPILATION_MODE = wholemodule;
				VALIDATE_PRODUCT = YES;
			};
			name = Release;
		};
		6C361C092BA0C446002A187B /* Debug */ = {
			isa = XCBuildConfiguration;
			buildSettings = {
				ASSETCATALOG_COMPILER_APPICON_NAME = AppIcon;
				ASSETCATALOG_COMPILER_GLOBAL_ACCENT_COLOR_NAME = AccentColor;
				CODE_SIGN_STYLE = Automatic;
				CURRENT_PROJECT_VERSION = 1;
				DEVELOPMENT_ASSET_PATHS = "\"TinderClone/Preview Content\"";
				DEVELOPMENT_TEAM = V5U53J8M62;
				ENABLE_PREVIEWS = YES;
				GENERATE_INFOPLIST_FILE = YES;
				INFOPLIST_KEY_UIApplicationSceneManifest_Generation = YES;
				INFOPLIST_KEY_UIApplicationSupportsIndirectInputEvents = YES;
				INFOPLIST_KEY_UILaunchScreen_Generation = YES;
				INFOPLIST_KEY_UISupportedInterfaceOrientations_iPad = "UIInterfaceOrientationPortrait UIInterfaceOrientationPortraitUpsideDown UIInterfaceOrientationLandscapeLeft UIInterfaceOrientationLandscapeRight";
				INFOPLIST_KEY_UISupportedInterfaceOrientations_iPhone = "UIInterfaceOrientationPortrait UIInterfaceOrientationLandscapeLeft UIInterfaceOrientationLandscapeRight";
				LD_RUNPATH_SEARCH_PATHS = (
					"$(inherited)",
					"@executable_path/Frameworks",
				);
				MARKETING_VERSION = 1.0;
				PRODUCT_BUNDLE_IDENTIFIER = com.rotadevsolutions.TinderClone;
				PRODUCT_NAME = "$(TARGET_NAME)";
				SWIFT_EMIT_LOC_STRINGS = YES;
				SWIFT_VERSION = 5.0;
				TARGETED_DEVICE_FAMILY = "1,2";
			};
			name = Debug;
		};
		6C361C0A2BA0C446002A187B /* Release */ = {
			isa = XCBuildConfiguration;
			buildSettings = {
				ASSETCATALOG_COMPILER_APPICON_NAME = AppIcon;
				ASSETCATALOG_COMPILER_GLOBAL_ACCENT_COLOR_NAME = AccentColor;
				CODE_SIGN_STYLE = Automatic;
				CURRENT_PROJECT_VERSION = 1;
				DEVELOPMENT_ASSET_PATHS = "\"TinderClone/Preview Content\"";
				DEVELOPMENT_TEAM = V5U53J8M62;
				ENABLE_PREVIEWS = YES;
				GENERATE_INFOPLIST_FILE = YES;
				INFOPLIST_KEY_UIApplicationSceneManifest_Generation = YES;
				INFOPLIST_KEY_UIApplicationSupportsIndirectInputEvents = YES;
				INFOPLIST_KEY_UILaunchScreen_Generation = YES;
				INFOPLIST_KEY_UISupportedInterfaceOrientations_iPad = "UIInterfaceOrientationPortrait UIInterfaceOrientationPortraitUpsideDown UIInterfaceOrientationLandscapeLeft UIInterfaceOrientationLandscapeRight";
				INFOPLIST_KEY_UISupportedInterfaceOrientations_iPhone = "UIInterfaceOrientationPortrait UIInterfaceOrientationLandscapeLeft UIInterfaceOrientationLandscapeRight";
				LD_RUNPATH_SEARCH_PATHS = (
					"$(inherited)",
					"@executable_path/Frameworks",
				);
				MARKETING_VERSION = 1.0;
				PRODUCT_BUNDLE_IDENTIFIER = com.rotadevsolutions.TinderClone;
				PRODUCT_NAME = "$(TARGET_NAME)";
				SWIFT_EMIT_LOC_STRINGS = YES;
				SWIFT_VERSION = 5.0;
				TARGETED_DEVICE_FAMILY = "1,2";
			};
			name = Release;
		};
/* End XCBuildConfiguration section */

/* Begin XCConfigurationList section */
		6C361BF52BA0C442002A187B /* Build configuration list for PBXProject "TinderClone" */ = {
			isa = XCConfigurationList;
			buildConfigurations = (
				6C361C062BA0C446002A187B /* Debug */,
				6C361C072BA0C446002A187B /* Release */,
			);
			defaultConfigurationIsVisible = 0;
			defaultConfigurationName = Release;
		};
		6C361C082BA0C446002A187B /* Build configuration list for PBXNativeTarget "TinderClone" */ = {
			isa = XCConfigurationList;
			buildConfigurations = (
				6C361C092BA0C446002A187B /* Debug */,
				6C361C0A2BA0C446002A187B /* Release */,
			);
			defaultConfigurationIsVisible = 0;
			defaultConfigurationName = Release;
		};
/* End XCConfigurationList section */
	};
	rootObject = 6C361BF22BA0C442002A187B /* Project object */;
}
